
Microsoft Visual Studio Solution File, Format Version 12.00
# Visual Studio 15
VisualStudioVersion = 15.0.27428.2005
MinimumVisualStudioVersion = 10.0.40219.1
Project("{9A19103F-16F7-4668-BE54-9A1E7A4F7556}") = "WBS_Testing_01", "WBS_Testing_01\WBS_Testing_01.csproj", "{47A2ED77-C2D5-4B63-B21C-31B2715B9351}"
EndProject
Global
	GlobalSection(SolutionConfigurationPlatforms) = preSolution
		Debug|Any CPU = Debug|Any CPU
		Release|Any CPU = Release|Any CPU
	EndGlobalSection
	GlobalSection(ProjectConfigurationPlatforms) = postSolution
		{47A2ED77-C2D5-4B63-B21C-31B2715B9351}.Debug|Any CPU.ActiveCfg = Debug|Any CPU
		{47A2ED77-C2D5-4B63-B21C-31B2715B9351}.Debug|Any CPU.Build.0 = Debug|Any CPU
		{47A2ED77-C2D5-4B63-B21C-31B2715B9351}.Release|Any CPU.ActiveCfg = Release|Any CPU
		{47A2ED77-C2D5-4B63-B21C-31B2715B9351}.Release|Any CPU.Build.0 = Release|Any CPU
	EndGlobalSection
	GlobalSection(SolutionProperties) = preSolution
		HideSolutionNode = FALSE
	EndGlobalSection
	GlobalSection(ExtensibilityGlobals) = postSolution
		SolutionGuid = {BA20FBB5-D8F9-4D6E-9BD8-EB8BE53A1E96}
	EndGlobalSection
EndGlobal
